
Microsoft Visual Studio Solution File, Format Version 12.00
# Visual Studio 15
VisualStudioVersion = 15.0.28307.271
MinimumVisualStudioVersion = 10.0.40219.1
Project("{9A19103F-16F7-4668-BE54-9A1E7A4F7556}") = "Demo", "Demo\Demo.csproj", "{4CAE8877-6152-42AB-91EF-18279588FDD1}"
EndProject
Project("{9A19103F-16F7-4668-BE54-9A1E7A4F7556}") = "ConsoleExtensions.MVC", "ConsoleExtensions.MVC\ConsoleExtensions.MVC.csproj", "{C9282F75-C79B-48EE-9BD3-C8CE204E4A62}"
EndProject
Project("{FAE04EC0-301F-11D3-BF4B-00C04F79EFBC}") = "ConsoleExtensions.MVC.Tests", "ConsoleExtensions.MVC.Tests\ConsoleExtensions.MVC.Tests.csproj", "{0F9100D2-0E53-4C72-BDFB-833F622DBCCD}"
EndProject
Global
	GlobalSection(SolutionConfigurationPlatforms) = preSolution
		Debug|Any CPU = Debug|Any CPU
		Release|Any CPU = Release|Any CPU
	EndGlobalSection
	GlobalSection(ProjectConfigurationPlatforms) = postSolution
		{4CAE8877-6152-42AB-91EF-18279588FDD1}.Debug|Any CPU.ActiveCfg = Debug|Any CPU
		{4CAE8877-6152-42AB-91EF-18279588FDD1}.Debug|Any CPU.Build.0 = Debug|Any CPU
		{4CAE8877-6152-42AB-91EF-18279588FDD1}.Release|Any CPU.ActiveCfg = Release|Any CPU
		{4CAE8877-6152-42AB-91EF-18279588FDD1}.Release|Any CPU.Build.0 = Release|Any CPU
		{C9282F75-C79B-48EE-9BD3-C8CE204E4A62}.Debug|Any CPU.ActiveCfg = Debug|Any CPU
		{C9282F75-C79B-48EE-9BD3-C8CE204E4A62}.Debug|Any CPU.Build.0 = Debug|Any CPU
		{C9282F75-C79B-48EE-9BD3-C8CE204E4A62}.Release|Any CPU.ActiveCfg = Release|Any CPU
		{C9282F75-C79B-48EE-9BD3-C8CE204E4A62}.Release|Any CPU.Build.0 = Release|Any CPU
		{0F9100D2-0E53-4C72-BDFB-833F622DBCCD}.Debug|Any CPU.ActiveCfg = Debug|Any CPU
		{0F9100D2-0E53-4C72-BDFB-833F622DBCCD}.Debug|Any CPU.Build.0 = Debug|Any CPU
		{0F9100D2-0E53-4C72-BDFB-833F622DBCCD}.Release|Any CPU.ActiveCfg = Release|Any CPU
		{0F9100D2-0E53-4C72-BDFB-833F622DBCCD}.Release|Any CPU.Build.0 = Release|Any CPU
	EndGlobalSection
	GlobalSection(SolutionProperties) = preSolution
		HideSolutionNode = FALSE
	EndGlobalSection
	GlobalSection(ExtensibilityGlobals) = postSolution
		SolutionGuid = {03666942-94D5-4112-811F-9845D00D04AF}
	EndGlobalSection
EndGlobal
